
Microsoft Visual Studio Solution File, Format Version 12.00
# Visual Studio Version 16
VisualStudioVersion = 16.0.31729.503
MinimumVisualStudioVersion = 10.0.40219.1
Project("{FAE04EC0-301F-11D3-BF4B-00C04F79EFBC}") = "myTicTacToe", "myTicTacToe\myTicTacToe.csproj", "{F728974B-77A0-4B7F-8FD1-3A05D23B1393}"
EndProject
Global
	GlobalSection(SolutionConfigurationPlatforms) = preSolution
		Debug|Any CPU = Debug|Any CPU
		Release|Any CPU = Release|Any CPU
	EndGlobalSection
	GlobalSection(ProjectConfigurationPlatforms) = postSolution
		{F728974B-77A0-4B7F-8FD1-3A05D23B1393}.Debug|Any CPU.ActiveCfg = Debug|Any CPU
		{F728974B-77A0-4B7F-8FD1-3A05D23B1393}.Debug|Any CPU.Build.0 = Debug|Any CPU
		{F728974B-77A0-4B7F-8FD1-3A05D23B1393}.Release|Any CPU.ActiveCfg = Release|Any CPU
		{F728974B-77A0-4B7F-8FD1-3A05D23B1393}.Release|Any CPU.Build.0 = Release|Any CPU
	EndGlobalSection
	GlobalSection(SolutionProperties) = preSolution
		HideSolutionNode = FALSE
	EndGlobalSection
	GlobalSection(ExtensibilityGlobals) = postSolution
		SolutionGuid = {06877042-8446-445B-9112-A392D8FA7E0C}
	EndGlobalSection
EndGlobal
